// !$*UTF8*$!
{
	archiveVersion = 1;
	classes = {
	};
	objectVersion = 51;
	objects = {

/* Begin PBXBuildFile section */
		46C16D9BE2C9CEAEA6053518 /* Pods_Swifty_Companion.framework in Frameworks */ = {isa = PBXBuildFile; fileRef = 2A1BBCF71A4EE8C21CBAD3B8 /* Pods_Swifty_Companion.framework */; };
		78457536236040950023A603 /* AppDelegate.swift in Sources */ = {isa = PBXBuildFile; fileRef = 78457535236040950023A603 /* AppDelegate.swift */; };
		78457538236040950023A603 /* SceneDelegate.swift in Sources */ = {isa = PBXBuildFile; fileRef = 78457537236040950023A603 /* SceneDelegate.swift */; };
		7845753A236040950023A603 /* ViewController.swift in Sources */ = {isa = PBXBuildFile; fileRef = 78457539236040950023A603 /* ViewController.swift */; };
		7845753D236040950023A603 /* Main.storyboard in Resources */ = {isa = PBXBuildFile; fileRef = 7845753B236040950023A603 /* Main.storyboard */; };
		7845753F236040A90023A603 /* Assets.xcassets in Resources */ = {isa = PBXBuildFile; fileRef = 7845753E236040A90023A603 /* Assets.xcassets */; };
		78457542236040A90023A603 /* LaunchScreen.storyboard in Resources */ = {isa = PBXBuildFile; fileRef = 78457540236040A90023A603 /* LaunchScreen.storyboard */; };
		785FF25523683051002CCDF7 /* Table.swift in Sources */ = {isa = PBXBuildFile; fileRef = 785FF25423683051002CCDF7 /* Table.swift */; };
		78D563B12362CB7000A848C3 /* Search.swift in Sources */ = {isa = PBXBuildFile; fileRef = 78D563B02362CB7000A848C3 /* Search.swift */; };
		78D726FD23620158008AF634 /* secondViewController.swift in Sources */ = {isa = PBXBuildFile; fileRef = 78D726FC23620158008AF634 /* secondViewController.swift */; };
/* End PBXBuildFile section */

/* Begin PBXFileReference section */
		2A1BBCF71A4EE8C21CBAD3B8 /* Pods_Swifty_Companion.framework */ = {isa = PBXFileReference; explicitFileType = wrapper.framework; includeInIndex = 0; path = Pods_Swifty_Companion.framework; sourceTree = BUILT_PRODUCTS_DIR; };
		6616534322F9B602844CE693 /* Pods-Swifty-Companion.release.xcconfig */ = {isa = PBXFileReference; includeInIndex = 1; lastKnownFileType = text.xcconfig; name = "Pods-Swifty-Companion.release.xcconfig"; path = "Target Support Files/Pods-Swifty-Companion/Pods-Swifty-Companion.release.xcconfig"; sourceTree = "<group>"; };
		74D86C985F60C6F45D1F6A58 /* Pods-Swifty-Companion.debug.xcconfig */ = {isa = PBXFileReference; includeInIndex = 1; lastKnownFileType = text.xcconfig; name = "Pods-Swifty-Companion.debug.xcconfig"; path = "Target Support Files/Pods-Swifty-Companion/Pods-Swifty-Companion.debug.xcconfig"; sourceTree = "<group>"; };
		78457532236040950023A603 /* Swifty-Companion.app */ = {isa = PBXFileReference; explicitFileType = wrapper.application; includeInIndex = 0; path = "Swifty-Companion.app"; sourceTree = BUILT_PRODUCTS_DIR; };
		78457535236040950023A603 /* AppDelegate.swift */ = {isa = PBXFileReference; lastKnownFileType = sourcecode.swift; path = AppDelegate.swift; sourceTree = "<group>"; };
		78457537236040950023A603 /* SceneDelegate.swift */ = {isa = PBXFileReference; lastKnownFileType = sourcecode.swift; path = SceneDelegate.swift; sourceTree = "<group>"; };
		78457539236040950023A603 /* ViewController.swift */ = {isa = PBXFileReference; lastKnownFileType = sourcecode.swift; path = ViewController.swift; sourceTree = "<group>"; };
		7845753C236040950023A603 /* Base */ = {isa = PBXFileReference; lastKnownFileType = file.storyboard; name = Base; path = Base.lproj/Main.storyboard; sourceTree = "<group>"; };
		7845753E236040A90023A603 /* Assets.xcassets */ = {isa = PBXFileReference; lastKnownFileType = folder.assetcatalog; path = Assets.xcassets; sourceTree = "<group>"; };
		78457541236040A90023A603 /* Base */ = {isa = PBXFileReference; lastKnownFileType = file.storyboard; name = Base; path = Base.lproj/LaunchScreen.storyboard; sourceTree = "<group>"; };
		78457543236040A90023A603 /* Info.plist */ = {isa = PBXFileReference; lastKnownFileType = text.plist.xml; path = Info.plist; sourceTree = "<group>"; };
		785FF25423683051002CCDF7 /* Table.swift */ = {isa = PBXFileReference; lastKnownFileType = sourcecode.swift; path = Table.swift; sourceTree = "<group>"; };
		78D563B02362CB7000A848C3 /* Search.swift */ = {isa = PBXFileReference; lastKnownFileType = sourcecode.swift; path = Search.swift; sourceTree = "<group>"; };
		78D726FC23620158008AF634 /* secondViewController.swift */ = {isa = PBXFileReference; lastKnownFileType = sourcecode.swift; path = secondViewController.swift; sourceTree = "<group>"; };
/* End PBXFileReference section */

/* Begin PBXFrameworksBuildPhase section */
		7845752F236040950023A603 /* Frameworks */ = {
			isa = PBXFrameworksBuildPhase;
			buildActionMask = 2147483647;
			files = (
				46C16D9BE2C9CEAEA6053518 /* Pods_Swifty_Companion.framework in Frameworks */,
			);
			runOnlyForDeploymentPostprocessing = 0;
		};
/* End PBXFrameworksBuildPhase section */

/* Begin PBXGroup section */
		6C50BA4AC1A480AC6972FD5E /* Frameworks */ = {
			isa = PBXGroup;
			children = (
				2A1BBCF71A4EE8C21CBAD3B8 /* Pods_Swifty_Companion.framework */,
			);
			name = Frameworks;
			sourceTree = "<group>";
		};
		78457529236040950023A603 = {
			isa = PBXGroup;
			children = (
				78457534236040950023A603 /* Swifty-Companion */,
				78457533236040950023A603 /* Products */,
				7E3BA791B4F73E87A59512A6 /* Pods */,
				6C50BA4AC1A480AC6972FD5E /* Frameworks */,
			);
			sourceTree = "<group>";
		};
		78457533236040950023A603 /* Products */ = {
			isa = PBXGroup;
			children = (
				78457532236040950023A603 /* Swifty-Companion.app */,
			);
			name = Products;
			sourceTree = "<group>";
		};
		78457534236040950023A603 /* Swifty-Companion */ = {
			isa = PBXGroup;
			children = (
				78457535236040950023A603 /* AppDelegate.swift */,
				78457537236040950023A603 /* SceneDelegate.swift */,
				78457539236040950023A603 /* ViewController.swift */,
				7845753B236040950023A603 /* Main.storyboard */,
				785FF25423683051002CCDF7 /* Table.swift */,
				78D563B02362CB7000A848C3 /* Search.swift */,
				78D726FC23620158008AF634 /* secondViewController.swift */,
				7845753E236040A90023A603 /* Assets.xcassets */,
				78457540236040A90023A603 /* LaunchScreen.storyboard */,
				78457543236040A90023A603 /* Info.plist */,
			);
			path = "Swifty-Companion";
			sourceTree = "<group>";
		};
		7E3BA791B4F73E87A59512A6 /* Pods */ = {
			isa = PBXGroup;
			children = (
				74D86C985F60C6F45D1F6A58 /* Pods-Swifty-Companion.debug.xcconfig */,
				6616534322F9B602844CE693 /* Pods-Swifty-Companion.release.xcconfig */,
			);
			path = Pods;
			sourceTree = "<group>";
		};
/* End PBXGroup section */

/* Begin PBXNativeTarget section */
		78457531236040950023A603 /* Swifty-Companion */ = {
			isa = PBXNativeTarget;
			buildConfigurationList = 78457546236040A90023A603 /* Build configuration list for PBXNativeTarget "Swifty-Companion" */;
			buildPhases = (
				A1B9E0731890A329EF19A2D9 /* [CP] Check Pods Manifest.lock */,
				7845752E236040950023A603 /* Sources */,
				7845752F236040950023A603 /* Frameworks */,
				78457530236040950023A603 /* Resources */,
				75CCE46C6950D961A63AB14E /* [CP] Embed Pods Frameworks */,
			);
			buildRules = (
			);
			dependencies = (
			);
			name = "Swifty-Companion";
			productName = "Swifty-Companion";
			productReference = 78457532236040950023A603 /* Swifty-Companion.app */;
			productType = "com.apple.product-type.application";
		};
/* End PBXNativeTarget section */

/* Begin PBXProject section */
		7845752A236040950023A603 /* Project object */ = {
			isa = PBXProject;
			attributes = {
				LastSwiftUpdateCheck = 1110;
				LastUpgradeCheck = 1110;
				ORGANIZATIONNAME = "Zolile SIGABI";
				TargetAttributes = {
					78457531236040950023A603 = {
						CreatedOnToolsVersion = 11.1;
					};
				};
			};
			buildConfigurationList = 7845752D236040950023A603 /* Build configuration list for PBXProject "Swifty-Companion" */;
			compatibilityVersion = "Xcode 9.3";
			developmentRegion = en;
			hasScannedForEncodings = 0;
			knownRegions = (
				en,
				Base,
			);
			mainGroup = 78457529236040950023A603;
			productRefGroup = 78457533236040950023A603 /* Products */;
			projectDirPath = "";
			projectRoot = "";
			targets = (
				78457531236040950023A603 /* Swifty-Companion */,
			);
		};
/* End PBXProject section */

/* Begin PBXResourcesBuildPhase section */
		78457530236040950023A603 /* Resources */ = {
			isa = PBXResourcesBuildPhase;
			buildActionMask = 2147483647;
			files = (
				78457542236040A90023A603 /* LaunchScreen.storyboard in Resources */,
				7845753F236040A90023A603 /* Assets.xcassets in Resources */,
				7845753D236040950023A603 /* Main.storyboard in Resources */,
			);
			runOnlyForDeploymentPostprocessing = 0;
		};
/* End PBXResourcesBuildPhase section */

/* Begin PBXShellScriptBuildPhase section */
		75CCE46C6950D961A63AB14E /* [CP] Embed Pods Frameworks */ = {
			isa = PBXShellScriptBuildPhase;
			buildActionMask = 2147483647;
			files = (
			);
			inputFileListPaths = (
				"${PODS_ROOT}/Target Support Files/Pods-Swifty-Companion/Pods-Swifty-Companion-frameworks-${CONFIGURATION}-input-files.xcfilelist",
			);
			name = "[CP] Embed Pods Frameworks";
			outputFileListPaths = (
				"${PODS_ROOT}/Target Support Files/Pods-Swifty-Companion/Pods-Swifty-Companion-frameworks-${CONFIGURATION}-output-files.xcfilelist",
			);
			runOnlyForDeploymentPostprocessing = 0;
			shellPath = /bin/sh;
			shellScript = "\"${PODS_ROOT}/Target Support Files/Pods-Swifty-Companion/Pods-Swifty-Companion-frameworks.sh\"\n";
			showEnvVarsInLog = 0;
		};
		A1B9E0731890A329EF19A2D9 /* [CP] Check Pods Manifest.lock */ = {
			isa = PBXShellScriptBuildPhase;
			buildActionMask = 2147483647;
			files = (
			);
			inputFileListPaths = (
			);
			inputPaths = (
				"${PODS_PODFILE_DIR_PATH}/Podfile.lock",
				"${PODS_ROOT}/Manifest.lock",
			);
			name = "[CP] Check Pods Manifest.lock";
			outputFileListPaths = (
			);
			outputPaths = (
				"$(DERIVED_FILE_DIR)/Pods-Swifty-Companion-checkManifestLockResult.txt",
			);
			runOnlyForDeploymentPostprocessing = 0;
			shellPath = /bin/sh;
			shellScript = "diff \"${PODS_PODFILE_DIR_PATH}/Podfile.lock\" \"${PODS_ROOT}/Manifest.lock\" > /dev/null\nif [ $? != 0 ] ; then\n    # print error to STDERR\n    echo \"error: The sandbox is not in sync with the Podfile.lock. Run 'pod install' or update your CocoaPods installation.\" >&2\n    exit 1\nfi\n# This output is used by Xcode 'outputs' to avoid re-running this script phase.\necho \"SUCCESS\" > \"${SCRIPT_OUTPUT_FILE_0}\"\n";
			showEnvVarsInLog = 0;
		};
/* End PBXShellScriptBuildPhase section */

/* Begin PBXSourcesBuildPhase section */
		7845752E236040950023A603 /* Sources */ = {
			isa = PBXSourcesBuildPhase;
			buildActionMask = 2147483647;
			files = (
				785FF25523683051002CCDF7 /* Table.swift in Sources */,
				78D726FD23620158008AF634 /* secondViewController.swift in Sources */,
				7845753A236040950023A603 /* ViewController.swift in Sources */,
				78D563B12362CB7000A848C3 /* Search.swift in Sources */,
				78457536236040950023A603 /* AppDelegate.swift in Sources */,
				78457538236040950023A603 /* SceneDelegate.swift in Sources */,
			);
			runOnlyForDeploymentPostprocessing = 0;
		};
/* End PBXSourcesBuildPhase section */

/* Begin PBXVariantGroup section */
		7845753B236040950023A603 /* Main.storyboard */ = {
			isa = PBXVariantGroup;
			children = (
				7845753C236040950023A603 /* Base */,
			);
			name = Main.storyboard;
			sourceTree = "<group>";
		};
		78457540236040A90023A603 /* LaunchScreen.storyboard */ = {
			isa = PBXVariantGroup;
			children = (
				78457541236040A90023A603 /* Base */,
			);
			name = LaunchScreen.storyboard;
			sourceTree = "<group>";
		};
/* End PBXVariantGroup section */

/* Begin XCBuildConfiguration section */
		78457544236040A90023A603 /* Debug */ = {
			isa = XCBuildConfiguration;
			buildSettings = {
				ALWAYS_SEARCH_USER_PATHS = NO;
				CLANG_ANALYZER_NONNULL = YES;
				CLANG_ANALYZER_NUMBER_OBJECT_CONVERSION = YES_AGGRESSIVE;
				CLANG_CXX_LANGUAGE_STANDARD = "gnu++14";
				CLANG_CXX_LIBRARY = "libc++";
				CLANG_ENABLE_MODULES = YES;
				CLANG_ENABLE_OBJC_ARC = YES;
				CLANG_ENABLE_OBJC_WEAK = YES;
				CLANG_WARN_BLOCK_CAPTURE_AUTORELEASING = YES;
				CLANG_WARN_BOOL_CONVERSION = YES;
				CLANG_WARN_COMMA = YES;
				CLANG_WARN_CONSTANT_CONVERSION = YES;
				CLANG_WARN_DEPRECATED_OBJC_IMPLEMENTATIONS = YES;
				CLANG_WARN_DIRECT_OBJC_ISA_USAGE = YES_ERROR;
				CLANG_WARN_DOCUMENTATION_COMMENTS = YES;
				CLANG_WARN_EMPTY_BODY = YES;
				CLANG_WARN_ENUM_CONVERSION = YES;
				CLANG_WARN_INFINITE_RECURSION = YES;
				CLANG_WARN_INT_CONVERSION = YES;
				CLANG_WARN_NON_LITERAL_NULL_CONVERSION = YES;
				CLANG_WARN_OBJC_IMPLICIT_RETAIN_SELF = YES;
				CLANG_WARN_OBJC_LITERAL_CONVERSION = YES;
				CLANG_WARN_OBJC_ROOT_CLASS = YES_ERROR;
				CLANG_WARN_RANGE_LOOP_ANALYSIS = YES;
				CLANG_WARN_STRICT_PROTOTYPES = YES;
				CLANG_WARN_SUSPICIOUS_MOVE = YES;
				CLANG_WARN_UNGUARDED_AVAILABILITY = YES_AGGRESSIVE;
				CLANG_WARN_UNREACHABLE_CODE = YES;
				CLANG_WARN__DUPLICATE_METHOD_MATCH = YES;
				COPY_PHASE_STRIP = NO;
				DEBUG_INFORMATION_FORMAT = dwarf;
				ENABLE_STRICT_OBJC_MSGSEND = YES;
				ENABLE_TESTABILITY = YES;
				GCC_C_LANGUAGE_STANDARD = gnu11;
				GCC_DYNAMIC_NO_PIC = NO;
				GCC_NO_COMMON_BLOCKS = YES;
				GCC_OPTIMIZATION_LEVEL = 0;
				GCC_PREPROCESSOR_DEFINITIONS = (
					"DEBUG=1",
					"$(inherited)",
				);
				GCC_WARN_64_TO_32_BIT_CONVERSION = YES;
				GCC_WARN_ABOUT_RETURN_TYPE = YES_ERROR;
				GCC_WARN_UNDECLARED_SELECTOR = YES;
				GCC_WARN_UNINITIALIZED_AUTOS = YES_AGGRESSIVE;
				GCC_WARN_UNUSED_FUNCTION = YES;
				GCC_WARN_UNUSED_VARIABLE = YES;
				IPHONEOS_DEPLOYMENT_TARGET = 13.1;
				MTL_ENABLE_DEBUG_INFO = INCLUDE_SOURCE;
				MTL_FAST_MATH = YES;
				ONLY_ACTIVE_ARCH = YES;
				SDKROOT = iphoneos;
				SWIFT_ACTIVE_COMPILATION_CONDITIONS = DEBUG;
				SWIFT_OPTIMIZATION_LEVEL = "-Onone";
			};
			name = Debug;
		};
		78457545236040A90023A603 /* Release */ = {
			isa = XCBuildConfiguration;
			buildSettings = {
				ALWAYS_SEARCH_USER_PATHS = NO;
				CLANG_ANALYZER_NONNULL = YES;
				CLANG_ANALYZER_NUMBER_OBJECT_CONVERSION = YES_AGGRESSIVE;
				CLANG_CXX_LANGUAGE_STANDARD = "gnu++14";
				CLANG_CXX_LIBRARY = "libc++";
				CLANG_ENABLE_MODULES = YES;
				CLANG_ENABLE_OBJC_ARC = YES;
				CLANG_ENABLE_OBJC_WEAK = YES;
				CLANG_WARN_BLOCK_CAPTURE_AUTORELEASING = YES;
				CLANG_WARN_BOOL_CONVERSION = YES;
				CLANG_WARN_COMMA = YES;
				CLANG_WARN_CONSTANT_CONVERSION = YES;
				CLANG_WARN_DEPRECATED_OBJC_IMPLEMENTATIONS = YES;
				CLANG_WARN_DIRECT_OBJC_ISA_USAGE = YES_ERROR;
				CLANG_WARN_DOCUMENTATION_COMMENTS = YES;
				CLANG_WARN_EMPTY_BODY = YES;
				CLANG_WARN_ENUM_CONVERSION = YES;
				CLANG_WARN_INFINITE_RECURSION = YES;
				CLANG_WARN_INT_CONVERSION = YES;
				CLANG_WARN_NON_LITERAL_NULL_CONVERSION = YES;
				CLANG_WARN_OBJC_IMPLICIT_RETAIN_SELF = YES;
				CLANG_WARN_OBJC_LITERAL_CONVERSION = YES;
				CLANG_WARN_OBJC_ROOT_CLASS = YES_ERROR;
				CLANG_WARN_RANGE_LOOP_ANALYSIS = YES;
				CLANG_WARN_STRICT_PROTOTYPES = YES;
				CLANG_WARN_SUSPICIOUS_MOVE = YES;
				CLANG_WARN_UNGUARDED_AVAILABILITY = YES_AGGRESSIVE;
				CLANG_WARN_UNREACHABLE_CODE = YES;
				CLANG_WARN__DUPLICATE_METHOD_MATCH = YES;
				COPY_PHASE_STRIP = NO;
				DEBUG_INFORMATION_FORMAT = "dwarf-with-dsym";
				ENABLE_NS_ASSERTIONS = NO;
				ENABLE_STRICT_OBJC_MSGSEND = YES;
				GCC_C_LANGUAGE_STANDARD = gnu11;
				GCC_NO_COMMON_BLOCKS = YES;
				GCC_WARN_64_TO_32_BIT_CONVERSION = YES;
				GCC_WARN_ABOUT_RETURN_TYPE = YES_ERROR;
				GCC_WARN_UNDECLARED_SELECTOR = YES;
				GCC_WARN_UNINITIALIZED_AUTOS = YES_AGGRESSIVE;
				GCC_WARN_UNUSED_FUNCTION = YES;
				GCC_WARN_UNUSED_VARIABLE = YES;
				IPHONEOS_DEPLOYMENT_TARGET = 13.1;
				MTL_ENABLE_DEBUG_INFO = NO;
				MTL_FAST_MATH = YES;
				SDKROOT = iphoneos;
				SWIFT_COMPILATION_MODE = wholemodule;
				SWIFT_OPTIMIZATION_LEVEL = "-O";
				VALIDATE_PRODUCT = YES;
			};
			name = Release;
		};
		78457547236040A90023A603 /* Debug */ = {
			isa = XCBuildConfiguration;
			baseConfigurationReference = 74D86C985F60C6F45D1F6A58 /* Pods-Swifty-Companion.debug.xcconfig */;
			buildSettings = {
				ASSETCATALOG_COMPILER_APPICON_NAME = AppIcon;
				CODE_SIGN_STYLE = Automatic;
				INFOPLIST_FILE = "Swifty-Companion/Info.plist";
				LD_RUNPATH_SEARCH_PATHS = (
					"$(inherited)",
					"@executable_path/Frameworks",
				);
				PRODUCT_BUNDLE_IDENTIFIER = "zsigabi.Swifty-Companion";
				PRODUCT_NAME = "$(TARGET_NAME)";
				SWIFT_VERSION = 5.0;
				TARGETED_DEVICE_FAMILY = "1,2";
			};
			name = Debug;
		};
		78457548236040A90023A603 /* Release */ = {
			isa = XCBuildConfiguration;
			baseConfigurationReference = 6616534322F9B602844CE693 /* Pods-Swifty-Companion.release.xcconfig */;
			buildSettings = {
				ASSETCATALOG_COMPILER_APPICON_NAME = AppIcon;
				CODE_SIGN_STYLE = Automatic;
				INFOPLIST_FILE = "Swifty-Companion/Info.plist";
				LD_RUNPATH_SEARCH_PATHS = (
					"$(inherited)",
					"@executable_path/Frameworks",
				);
				PRODUCT_BUNDLE_IDENTIFIER = "zsigabi.Swifty-Companion";
				PRODUCT_NAME = "$(TARGET_NAME)";
				SWIFT_VERSION = 5.0;
				TARGETED_DEVICE_FAMILY = "1,2";
			};
			name = Release;
		};
/* End XCBuildConfiguration section */

/* Begin XCConfigurationList section */
		7845752D236040950023A603 /* Build configuration list for PBXProject "Swifty-Companion" */ = {
			isa = XCConfigurationList;
			buildConfigurations = (
				78457544236040A90023A603 /* Debug */,
				78457545236040A90023A603 /* Release */,
			);
			defaultConfigurationIsVisible = 0;
			defaultConfigurationName = Release;
		};
		78457546236040A90023A603 /* Build configuration list for PBXNativeTarget "Swifty-Companion" */ = {
			isa = XCConfigurationList;
			buildConfigurations = (
				78457547236040A90023A603 /* Debug */,
				78457548236040A90023A603 /* Release */,
			);
			defaultConfigurationIsVisible = 0;
			defaultConfigurationName = Release;
		};
/* End XCConfigurationList section */
	};
	rootObject = 7845752A236040950023A603 /* Project object */;
}
